
Microsoft Visual Studio Solution File, Format Version 12.00
# Visual Studio Version 17
VisualStudioVersion = 17.5.33530.505
MinimumVisualStudioVersion = 10.0.40219.1
Project("{FAE04EC0-301F-11D3-BF4B-00C04F79EFBC}") = "LB5_18_one", "LB5_18_one\LB5_18_one.csproj", "{A0190E36-493C-4CA4-848A-941996DAB59E}"
EndProject
Global
	GlobalSection(SolutionConfigurationPlatforms) = preSolution
		Debug|Any CPU = Debug|Any CPU
		Release|Any CPU = Release|Any CPU
	EndGlobalSection
	GlobalSection(ProjectConfigurationPlatforms) = postSolution
		{A0190E36-493C-4CA4-848A-941996DAB59E}.Debug|Any CPU.ActiveCfg = Debug|Any CPU
		{A0190E36-493C-4CA4-848A-941996DAB59E}.Debug|Any CPU.Build.0 = Debug|Any CPU
		{A0190E36-493C-4CA4-848A-941996DAB59E}.Release|Any CPU.ActiveCfg = Release|Any CPU
		{A0190E36-493C-4CA4-848A-941996DAB59E}.Release|Any CPU.Build.0 = Release|Any CPU
	EndGlobalSection
	GlobalSection(SolutionProperties) = preSolution
		HideSolutionNode = FALSE
	EndGlobalSection
	GlobalSection(ExtensibilityGlobals) = postSolution
		SolutionGuid = {A5B48CD0-9DA8-43AB-8FEF-EBF39F9378B0}
	EndGlobalSection
EndGlobal
